{
  "name": "@exploregon/cms",
  "version": "0.1.0",
  "lockfileVersion": 3,
  "requires": true,
  "packages": {
    "": {
      "name": "@exploregon/cms",
      "version": "0.1.0",
      "dependencies": {
        "@payloadcms/db-postgres": "3.30.0",
        "@payloadcms/db-sqlite": "3.30.0",
        "@payloadcms/next": "3.30.0",
        "@payloadcms/ui": "3.30.0",
        "cross-env": "^7.0.3",
        "dotenv": "^16.4.7",
        "graphql": "^16.8.1",
        "next": "^15.2.0",
        "payload": "3.30.0",
        "react": "^19.0.0",
        "react-dom": "^19.0.0",
        "sharp": "^0.34.2"
      },
      "devDependencies": {
        "@types/node": "^22.13.10",
        "@types/react": "^19.0.10",
        "@types/react-dom": "^19.0.4",
        "tsx": "^4.19.3"
      }
    },
    "../../node_modules/.pnpm/@payloadcms+db-postgres@3.30.0_@libsql+client@0.14.0_@types+react@19.2.14_payload@3.30._bcef7e2210d54c9399b006c3da7da885/node_modules/@payloadcms/db-postgres": {
      "version": "3.30.0",
      "license": "MIT",
      "dependencies": {
        "@payloadcms/drizzle": "3.30.0",
        "@types/pg": "8.10.2",
        "console-table-printer": "2.12.1",
        "drizzle-kit": "0.28.0",
        "drizzle-orm": "0.36.1",
        "pg": "8.11.3",
        "prompts": "2.4.2",
        "to-snake-case": "1.0.0",
        "uuid": "10.0.0"
      },
      "devDependencies": {
        "@hyrious/esbuild-plugin-commonjs": "^0.2.4",
        "@payloadcms/eslint-config": "3.28.0",
        "@types/to-snake-case": "1.0.0",
        "esbuild": "0.24.2",
        "payload": "3.30.0"
      },
      "peerDependencies": {
        "payload": "3.30.0"
      }
    },
    "../../node_modules/.pnpm/@payloadcms+db-sqlite@3.30.0_@types+pg@8.10.2_@types+react@19.2.14_payload@3.30.0_graph_12a9e366c7173bb889c0b0fe3999f592/node_modules/@payloadcms/db-sqlite": {
      "version": "3.30.0",
      "license": "MIT",
      "dependencies": {
        "@libsql/client": "0.14.0",
        "@payloadcms/drizzle": "3.30.0",
        "console-table-printer": "2.12.1",
        "drizzle-kit": "0.28.0",
        "drizzle-orm": "0.36.1",
        "prompts": "2.4.2",
        "to-snake-case": "1.0.0",
        "uuid": "9.0.0"
      },
      "devDependencies": {
        "@payloadcms/eslint-config": "3.28.0",
        "@types/pg": "8.10.2",
        "@types/to-snake-case": "1.0.0",
        "payload": "3.30.0"
      },
      "peerDependencies": {
        "payload": "3.30.0"
      }
    },
    "../../node_modules/.pnpm/@payloadcms+next@3.30.0_@types+react@19.2.14_graphql@16.13.2_monaco-editor@0.55.1_next@_a79549f60a212ef9fafeeb22b7f7fa29/node_modules/@payloadcms/next": {
      "version": "3.30.0",
      "license": "MIT",
      "dependencies": {
        "@dnd-kit/core": "6.0.8",
        "@payloadcms/graphql": "3.30.0",
        "@payloadcms/translations": "3.30.0",
        "@payloadcms/ui": "3.30.0",
        "busboy": "^1.6.0",
        "dequal": "2.0.3",
        "file-type": "19.3.0",
        "graphql-http": "^1.22.0",
        "graphql-playground-html": "1.6.30",
        "http-status": "2.1.0",
        "path-to-regexp": "6.3.0",
        "qs-esm": "7.0.2",
        "react-diff-viewer-continued": "4.0.5",
        "sass": "1.77.4",
        "uuid": "10.0.0"
      },
      "devDependencies": {
        "@babel/cli": "7.26.4",
        "@babel/core": "7.26.7",
        "@babel/preset-env": "7.26.7",
        "@babel/preset-react": "7.26.3",
        "@babel/preset-typescript": "7.26.0",
        "@next/eslint-plugin-next": "15.2.3",
        "@payloadcms/eslint-config": "3.28.0",
        "@types/busboy": "1.5.4",
        "@types/react": "19.0.12",
        "@types/react-dom": "19.0.4",
        "@types/uuid": "10.0.0",
        "babel-plugin-react-compiler": "19.0.0-beta-714736e-20250131",
        "esbuild": "0.24.2",
        "esbuild-sass-plugin": "3.3.1",
        "eslint-plugin-react-compiler": "19.0.0-beta-714736e-20250131",
        "payload": "3.30.0",
        "swc-plugin-transform-remove-imports": "3.1.0"
      },
      "engines": {
        "node": "^18.20.2 || >=20.9.0"
      },
      "peerDependencies": {
        "graphql": "^16.8.1",
        "next": "^15.2.3",
        "payload": "3.30.0"
      }
    },
    "../../node_modules/.pnpm/@payloadcms+ui@3.30.0_@types+react@19.2.14_monaco-editor@0.55.1_next@15.5.14_react-dom@_0cede51bf6d3ce1f42db183c5b587b65/node_modules/@payloadcms/ui": {
      "version": "3.30.0",
      "license": "MIT",
      "dependencies": {
        "@date-fns/tz": "1.2.0",
        "@dnd-kit/core": "6.0.8",
        "@dnd-kit/sortable": "7.0.2",
        "@faceless-ui/modal": "3.0.0-beta.2",
        "@faceless-ui/scroll-info": "2.0.0",
        "@faceless-ui/window-info": "3.0.1",
        "@monaco-editor/react": "4.7.0",
        "@payloadcms/translations": "3.30.0",
        "bson-objectid": "2.0.4",
        "date-fns": "4.1.0",
        "dequal": "2.0.3",
        "md5": "2.3.0",
        "object-to-formdata": "4.5.1",
        "qs-esm": "7.0.2",
        "react-datepicker": "7.6.0",
        "react-image-crop": "10.1.8",
        "react-select": "5.9.0",
        "scheduler": "0.25.0",
        "sonner": "^1.7.2",
        "ts-essentials": "10.0.3",
        "use-context-selector": "2.0.0",
        "uuid": "10.0.0"
      },
      "devDependencies": {
        "@babel/cli": "7.26.4",
        "@babel/core": "7.26.7",
        "@babel/preset-env": "7.26.7",
        "@babel/preset-react": "7.26.3",
        "@babel/preset-typescript": "7.26.0",
        "@hyrious/esbuild-plugin-commonjs": "^0.2.4",
        "@payloadcms/eslint-config": "3.28.0",
        "@types/react": "19.0.12",
        "@types/react-dom": "19.0.4",
        "@types/uuid": "10.0.0",
        "babel-plugin-react-compiler": "19.0.0-beta-714736e-20250131",
        "esbuild": "0.24.2",
        "esbuild-sass-plugin": "3.3.1",
        "eslint-plugin-react-compiler": "19.0.0-beta-714736e-20250131",
        "payload": "3.30.0"
      },
      "engines": {
        "node": "^18.20.2 || >=20.9.0"
      },
      "peerDependencies": {
        "next": "^15.2.3",
        "payload": "3.30.0",
        "react": "^19.0.0 || ^19.0.0-rc-65a56d0e-20241020",
        "react-dom": "^19.0.0 || ^19.0.0-rc-65a56d0e-20241020"
      }
    },
    "../../node_modules/.pnpm/@types+node@22.19.17/node_modules/@types/node": {
      "version": "22.19.17",
      "dev": true,
      "license": "MIT",
      "dependencies": {
        "undici-types": "~6.21.0"
      }
    },
    "../../node_modules/.pnpm/@types+react-dom@19.2.3_@types+react@19.2.14/node_modules/@types/react-dom": {
      "version": "19.2.3",
      "dev": true,
      "license": "MIT",
      "peerDependencies": {
        "@types/react": "^19.2.0"
      }
    },
    "../../node_modules/.pnpm/@types+react@19.2.14/node_modules/@types/react": {
      "version": "19.2.14",
      "dev": true,
      "license": "MIT",
      "dependencies": {
        "csstype": "^3.2.2"
      }
    },
    "../../node_modules/.pnpm/cross-env@7.0.3/node_modules/cross-env": {
      "version": "7.0.3",
      "license": "MIT",
      "dependencies": {
        "cross-spawn": "^7.0.1"
      },
      "bin": {
        "cross-env": "src/bin/cross-env.js",
        "cross-env-shell": "src/bin/cross-env-shell.js"
      },
      "devDependencies": {
        "kcd-scripts": "^5.5.0"
      },
      "engines": {
        "node": ">=10.14",
        "npm": ">=6",
        "yarn": ">=1"
      }
    },
    "../../node_modules/.pnpm/dotenv@16.6.1/node_modules/dotenv": {
      "version": "16.6.1",
      "license": "BSD-2-Clause",
      "devDependencies": {
        "@types/node": "^18.11.3",
        "decache": "^4.6.2",
        "sinon": "^14.0.1",
        "standard": "^17.0.0",
        "standard-version": "^9.5.0",
        "tap": "^19.2.0",
        "typescript": "^4.8.4"
      },
      "engines": {
        "node": ">=12"
      },
      "funding": {
        "url": "https://dotenvx.com"
      }
    },
    "../../node_modules/.pnpm/graphql@16.13.2/node_modules/graphql": {
      "version": "16.13.2",
      "license": "MIT",
      "engines": {
        "node": "^12.22.0 || ^14.16.0 || ^16.0.0 || >=17.0.0"
      }
    },
    "../../node_modules/.pnpm/next@15.5.14_react-dom@19.2.4_react@19.2.4__react@19.2.4_sass@1.77.4/node_modules/next": {
      "version": "15.5.14",
      "license": "MIT",
      "dependencies": {
        "@next/env": "15.5.14",
        "@swc/helpers": "0.5.15",
        "caniuse-lite": "^1.0.30001579",
        "postcss": "8.4.31",
        "styled-jsx": "5.1.6"
      },
      "bin": {
        "next": "dist/bin/next"
      },
      "devDependencies": {
        "@ampproject/toolbox-optimizer": "2.8.3",
        "@babel/code-frame": "7.26.2",
        "@babel/core": "7.26.10",
        "@babel/eslint-parser": "7.24.6",
        "@babel/generator": "7.27.0",
        "@babel/plugin-syntax-bigint": "7.8.3",
        "@babel/plugin-syntax-dynamic-import": "7.8.3",
        "@babel/plugin-syntax-import-attributes": "7.26.0",
        "@babel/plugin-syntax-jsx": "7.25.9",
        "@babel/plugin-syntax-typescript": "7.25.4",
        "@babel/plugin-transform-class-properties": "7.25.9",
        "@babel/plugin-transform-export-namespace-from": "7.25.9",
        "@babel/plugin-transform-modules-commonjs": "7.26.3",
        "@babel/plugin-transform-numeric-separator": "7.25.9",
        "@babel/plugin-transform-object-rest-spread": "7.25.9",
        "@babel/plugin-transform-runtime": "7.26.10",
        "@babel/preset-env": "7.26.9",
        "@babel/preset-react": "7.26.3",
        "@babel/preset-typescript": "7.27.0",
        "@babel/runtime": "7.27.0",
        "@babel/traverse": "7.27.0",
        "@babel/types": "7.27.0",
        "@base-ui-components/react": "1.0.0-beta.2",
        "@capsizecss/metrics": "3.4.0",
        "@edge-runtime/cookies": "6.0.0",
        "@edge-runtime/ponyfill": "4.0.0",
        "@edge-runtime/primitives": "6.0.0",
        "@hapi/accept": "5.0.2",
        "@jest/transform": "29.5.0",
        "@jest/types": "29.5.0",
        "@mswjs/interceptors": "0.23.0",
        "@napi-rs/triples": "1.2.0",
        "@next/font": "15.5.14",
        "@next/polyfill-module": "15.5.14",
        "@next/polyfill-nomodule": "15.5.14",
        "@next/react-refresh-utils": "15.5.14",
        "@next/swc": "15.5.14",
        "@opentelemetry/api": "1.6.0",
        "@playwright/test": "1.51.1",
        "@rspack/core": "1.4.5",
        "@storybook/addon-a11y": "8.6.0",
        "@storybook/addon-essentials": "8.6.0",
        "@storybook/addon-interactions": "8.6.0",
        "@storybook/addon-webpack5-compiler-swc": "3.0.0",
        "@storybook/blocks": "8.6.0",
        "@storybook/react": "8.6.0",
        "@storybook/react-webpack5": "8.6.0",
        "@storybook/test": "8.6.0",
        "@storybook/test-runner": "0.21.0",
        "@swc/core": "1.11.24",
        "@swc/types": "0.1.7",
        "@taskr/clear": "1.1.0",
        "@taskr/esnext": "1.1.0",
        "@types/amphtml-validator": "1.0.0",
        "@types/babel__code-frame": "7.0.6",
        "@types/babel__core": "7.20.5",
        "@types/babel__generator": "7.27.0",
        "@types/babel__template": "7.4.4",
        "@types/babel__traverse": "7.20.7",
        "@types/bytes": "3.1.1",
        "@types/ci-info": "2.0.0",
        "@types/compression": "0.0.36",
        "@types/content-disposition": "0.5.4",
        "@types/content-type": "1.1.3",
        "@types/cookie": "0.3.3",
        "@types/cross-spawn": "6.0.0",
        "@types/debug": "4.1.5",
        "@types/express-serve-static-core": "4.17.33",
        "@types/fresh": "0.5.0",
        "@types/glob": "7.1.1",
        "@types/jsonwebtoken": "9.0.0",
        "@types/lodash": "4.14.198",
        "@types/lodash.curry": "4.1.6",
        "@types/path-to-regexp": "1.7.0",
        "@types/picomatch": "2.3.3",
        "@types/platform": "1.3.4",
        "@types/react": "19.0.8",
        "@types/react-dom": "19.0.3",
        "@types/react-is": "18.2.4",
        "@types/semver": "7.3.1",
        "@types/send": "0.14.4",
        "@types/shell-quote": "1.7.1",
        "@types/tar": "6.1.5",
        "@types/text-table": "0.2.1",
        "@types/ua-parser-js": "0.7.36",
        "@types/webpack-sources1": "npm:@types/webpack-sources@0.1.5",
        "@types/ws": "8.2.0",
        "@vercel/ncc": "0.34.0",
        "@vercel/nft": "0.27.1",
        "@vercel/turbopack-ecmascript-runtime": "*",
        "acorn": "8.14.0",
        "amphtml-validator": "1.0.38",
        "anser": "1.4.9",
        "arg": "4.1.0",
        "assert": "2.0.0",
        "async-retry": "1.2.3",
        "async-sema": "3.0.0",
        "axe-playwright": "2.0.3",
        "babel-loader": "10.0.0",
        "babel-plugin-react-compiler": "19.1.0-rc.2",
        "babel-plugin-transform-define": "2.0.0",
        "babel-plugin-transform-react-remove-prop-types": "0.4.24",
        "browserify-zlib": "0.2.0",
        "browserslist": "4.24.4",
        "buffer": "5.6.0",
        "busboy": "1.6.0",
        "bytes": "3.1.1",
        "ci-info": "watson/ci-info#f43f6a1cefff47fb361c88cf4b943fdbcaafe540",
        "cli-select": "1.1.2",
        "client-only": "0.0.1",
        "commander": "12.1.0",
        "comment-json": "3.0.3",
        "compression": "1.7.4",
        "conf": "5.0.0",
        "constants-browserify": "1.0.0",
        "content-disposition": "0.5.3",
        "content-type": "1.0.4",
        "cookie": "0.4.1",
        "cross-env": "6.0.3",
        "cross-spawn": "7.0.3",
        "crypto-browserify": "3.12.0",
        "css-loader": "7.1.2",
        "css.escape": "1.5.1",
        "cssnano-preset-default": "7.0.6",
        "data-uri-to-buffer": "3.0.1",
        "debug": "4.1.1",
        "devalue": "2.0.1",
        "domain-browser": "4.19.0",
        "edge-runtime": "4.0.1",
        "events": "3.3.0",
        "find-up": "4.1.0",
        "fresh": "0.5.2",
        "glob": "7.1.7",
        "gzip-size": "5.1.1",
        "http-proxy": "1.18.1",
        "http-proxy-agent": "5.0.0",
        "https-browserify": "1.0.0",
        "https-proxy-agent": "5.0.1",
        "icss-utils": "5.1.0",
        "ignore-loader": "0.1.2",
        "image-size": "1.2.1",
        "is-docker": "2.0.0",
        "is-wsl": "2.2.0",
        "jest-worker": "27.5.1",
        "json5": "2.2.3",
        "jsonwebtoken": "9.0.0",
        "loader-runner": "4.3.0",
        "loader-utils2": "npm:loader-utils@2.0.4",
        "loader-utils3": "npm:loader-utils@3.1.3",
        "lodash.curry": "4.1.1",
        "mini-css-extract-plugin": "2.4.4",
        "msw": "2.3.0",
        "nanoid": "3.1.32",
        "native-url": "0.3.4",
        "neo-async": "2.6.1",
        "node-html-parser": "5.3.3",
        "ora": "4.0.4",
        "os-browserify": "0.3.0",
        "p-limit": "3.1.0",
        "p-queue": "6.6.2",
        "path-browserify": "1.0.1",
        "path-to-regexp": "6.3.0",
        "picomatch": "4.0.1",
        "postcss-flexbugs-fixes": "5.0.2",
        "postcss-modules-extract-imports": "3.0.0",
        "postcss-modules-local-by-default": "4.2.0",
        "postcss-modules-scope": "3.0.0",
        "postcss-modules-values": "4.0.0",
        "postcss-preset-env": "7.4.3",
        "postcss-safe-parser": "6.0.0",
        "postcss-scss": "4.0.3",
        "postcss-value-parser": "4.2.0",
        "process": "0.11.10",
        "punycode": "2.1.1",
        "querystring-es3": "0.2.1",
        "raw-body": "2.4.1",
        "react-refresh": "0.12.0",
        "recast": "0.23.11",
        "regenerator-runtime": "0.13.4",
        "safe-stable-stringify": "2.5.0",
        "sass-loader": "15.0.0",
        "schema-utils2": "npm:schema-utils@2.7.1",
        "schema-utils3": "npm:schema-utils@3.0.0",
        "semver": "7.3.2",
        "send": "0.18.0",
        "server-only": "0.0.1",
        "setimmediate": "1.0.5",
        "shell-quote": "1.7.3",
        "source-map": "0.6.1",
        "source-map-loader": "5.0.0",
        "source-map08": "npm:source-map@0.8.0-beta.0",
        "stacktrace-parser": "0.1.10",
        "storybook": "8.6.0",
        "stream-browserify": "3.0.0",
        "stream-http": "3.1.1",
        "strict-event-emitter": "0.5.0",
        "string_decoder": "1.3.0",
        "string-hash": "1.1.3",
        "strip-ansi": "6.0.0",
        "style-loader": "4.0.0",
        "superstruct": "1.0.3",
        "tar": "6.1.15",
        "taskr": "1.1.0",
        "terser": "5.27.0",
        "terser-webpack-plugin": "5.3.9",
        "text-table": "0.2.0",
        "timers-browserify": "2.0.12",
        "tty-browserify": "0.0.1",
        "typescript": "5.8.2",
        "ua-parser-js": "1.0.35",
        "unistore": "3.4.1",
        "util": "0.12.4",
        "vm-browserify": "1.1.2",
        "watchpack": "2.4.0",
        "web-vitals": "4.2.1",
        "webpack": "5.98.0",
        "webpack-sources1": "npm:webpack-sources@1.4.3",
        "webpack-sources3": "npm:webpack-sources@3.2.3",
        "ws": "8.2.3",
        "zod": "3.25.76",
        "zod-validation-error": "3.4.0"
      },
      "engines": {
        "node": "^18.18.0 || ^19.8.0 || >= 20.0.0"
      },
      "optionalDependencies": {
        "@next/swc-darwin-arm64": "15.5.14",
        "@next/swc-darwin-x64": "15.5.14",
        "@next/swc-linux-arm64-gnu": "15.5.14",
        "@next/swc-linux-arm64-musl": "15.5.14",
        "@next/swc-linux-x64-gnu": "15.5.14",
        "@next/swc-linux-x64-musl": "15.5.14",
        "@next/swc-win32-arm64-msvc": "15.5.14",
        "@next/swc-win32-x64-msvc": "15.5.14",
        "sharp": "^0.34.3"
      },
      "peerDependencies": {
        "@opentelemetry/api": "^1.1.0",
        "@playwright/test": "^1.51.1",
        "babel-plugin-react-compiler": "*",
        "react": "^18.2.0 || 19.0.0-rc-de68d2f4-20241204 || ^19.0.0",
        "react-dom": "^18.2.0 || 19.0.0-rc-de68d2f4-20241204 || ^19.0.0",
        "sass": "^1.3.0"
      },
      "peerDependenciesMeta": {
        "@opentelemetry/api": {
          "optional": true
        },
        "@playwright/test": {
          "optional": true
        },
        "babel-plugin-react-compiler": {
          "optional": true
        },
        "sass": {
          "optional": true
        }
      }
    },
    "../../node_modules/.pnpm/payload@3.30.0_graphql@16.13.2_typescript@5.9.3/node_modules/payload": {
      "version": "3.30.0",
      "license": "MIT",
      "dependencies": {
        "@next/env": "^15.1.5",
        "@payloadcms/translations": "3.30.0",
        "@types/busboy": "1.5.4",
        "ajv": "8.17.1",
        "bson-objectid": "2.0.4",
        "busboy": "^1.6.0",
        "ci-info": "^4.1.0",
        "console-table-printer": "2.12.1",
        "croner": "9.0.0",
        "dataloader": "2.2.3",
        "deepmerge": "4.3.1",
        "file-type": "19.3.0",
        "get-tsconfig": "4.8.1",
        "http-status": "2.1.0",
        "image-size": "1.2.0",
        "jose": "5.9.6",
        "json-schema-to-typescript": "15.0.3",
        "minimist": "1.2.8",
        "path-to-regexp": "6.3.0",
        "pino": "9.5.0",
        "pino-pretty": "13.0.0",
        "pluralize": "8.0.0",
        "qs-esm": "7.0.2",
        "sanitize-filename": "1.6.3",
        "scmp": "2.1.0",
        "ts-essentials": "10.0.3",
        "tsx": "4.19.2",
        "uuid": "10.0.0",
        "ws": "^8.16.0"
      },
      "bin": {
        "payload": "bin.js"
      },
      "devDependencies": {
        "@hyrious/esbuild-plugin-commonjs": "^0.2.4",
        "@monaco-editor/react": "4.7.0",
        "@payloadcms/eslint-config": "3.28.0",
        "@types/json-schema": "7.0.15",
        "@types/minimist": "1.2.2",
        "@types/nodemailer": "6.4.17",
        "@types/pluralize": "0.0.33",
        "@types/uuid": "10.0.0",
        "@types/ws": "^8.5.10",
        "concurrently": "9.1.2",
        "copyfiles": "2.4.1",
        "cross-env": "7.0.3",
        "esbuild": "0.24.2",
        "graphql-http": "^1.22.0",
        "react-datepicker": "7.6.0",
        "rimraf": "6.0.1",
        "sharp": "0.32.6",
        "typescript-strict-plugin": "2.4.4"
      },
      "engines": {
        "node": "^18.20.2 || >=20.9.0"
      },
      "peerDependencies": {
        "graphql": "^16.8.1"
      }
    },
    "../../node_modules/.pnpm/react-dom@19.2.4_react@19.2.4/node_modules/react-dom": {
      "version": "19.2.4",
      "license": "MIT",
      "dependencies": {
        "scheduler": "^0.27.0"
      },
      "peerDependencies": {
        "react": "^19.2.4"
      }
    },
    "../../node_modules/.pnpm/react@19.2.4/node_modules/react": {
      "version": "19.2.4",
      "license": "MIT",
      "engines": {
        "node": ">=0.10.0"
      }
    },
    "../../node_modules/.pnpm/sharp@0.34.5/node_modules/sharp": {
      "version": "0.34.5",
      "hasInstallScript": true,
      "license": "Apache-2.0",
      "dependencies": {
        "@img/colour": "^1.0.0",
        "detect-libc": "^2.1.2",
        "semver": "^7.7.3"
      },
      "devDependencies": {
        "@biomejs/biome": "^2.3.4",
        "@cpplint/cli": "^0.1.0",
        "@emnapi/runtime": "^1.7.0",
        "@img/sharp-libvips-dev": "1.2.4",
        "@img/sharp-libvips-dev-wasm32": "1.2.4",
        "@img/sharp-libvips-win32-arm64": "1.2.4",
        "@img/sharp-libvips-win32-ia32": "1.2.4",
        "@img/sharp-libvips-win32-x64": "1.2.4",
        "@types/node": "*",
        "emnapi": "^1.7.0",
        "exif-reader": "^2.0.2",
        "extract-zip": "^2.0.1",
        "icc": "^3.0.0",
        "jsdoc-to-markdown": "^9.1.3",
        "node-addon-api": "^8.5.0",
        "node-gyp": "^11.5.0",
        "tar-fs": "^3.1.1",
        "tsd": "^0.33.0"
      },
      "engines": {
        "node": "^18.17.0 || ^20.3.0 || >=21.0.0"
      },
      "funding": {
        "url": "https://opencollective.com/libvips"
      },
      "optionalDependencies": {
        "@img/sharp-darwin-arm64": "0.34.5",
        "@img/sharp-darwin-x64": "0.34.5",
        "@img/sharp-libvips-darwin-arm64": "1.2.4",
        "@img/sharp-libvips-darwin-x64": "1.2.4",
        "@img/sharp-libvips-linux-arm": "1.2.4",
        "@img/sharp-libvips-linux-arm64": "1.2.4",
        "@img/sharp-libvips-linux-ppc64": "1.2.4",
        "@img/sharp-libvips-linux-riscv64": "1.2.4",
        "@img/sharp-libvips-linux-s390x": "1.2.4",
        "@img/sharp-libvips-linux-x64": "1.2.4",
        "@img/sharp-libvips-linuxmusl-arm64": "1.2.4",
        "@img/sharp-libvips-linuxmusl-x64": "1.2.4",
        "@img/sharp-linux-arm": "0.34.5",
        "@img/sharp-linux-arm64": "0.34.5",
        "@img/sharp-linux-ppc64": "0.34.5",
        "@img/sharp-linux-riscv64": "0.34.5",
        "@img/sharp-linux-s390x": "0.34.5",
        "@img/sharp-linux-x64": "0.34.5",
        "@img/sharp-linuxmusl-arm64": "0.34.5",
        "@img/sharp-linuxmusl-x64": "0.34.5",
        "@img/sharp-wasm32": "0.34.5",
        "@img/sharp-win32-arm64": "0.34.5",
        "@img/sharp-win32-ia32": "0.34.5",
        "@img/sharp-win32-x64": "0.34.5"
      }
    },
    "../../node_modules/.pnpm/tsx@4.21.0/node_modules/tsx": {
      "version": "4.21.0",
      "dev": true,
      "license": "MIT",
      "dependencies": {
        "esbuild": "~0.27.0",
        "get-tsconfig": "^4.7.5"
      },
      "bin": {
        "tsx": "dist/cli.mjs"
      },
      "engines": {
        "node": ">=18.0.0"
      },
      "optionalDependencies": {
        "fsevents": "~2.3.3"
      }
    },
    "node_modules/@payloadcms/db-postgres": {
      "resolved": "../../node_modules/.pnpm/@payloadcms+db-postgres@3.30.0_@libsql+client@0.14.0_@types+react@19.2.14_payload@3.30._bcef7e2210d54c9399b006c3da7da885/node_modules/@payloadcms/db-postgres",
      "link": true
    },
    "node_modules/@payloadcms/db-sqlite": {
      "resolved": "../../node_modules/.pnpm/@payloadcms+db-sqlite@3.30.0_@types+pg@8.10.2_@types+react@19.2.14_payload@3.30.0_graph_12a9e366c7173bb889c0b0fe3999f592/node_modules/@payloadcms/db-sqlite",
      "link": true
    },
    "node_modules/@payloadcms/next": {
      "resolved": "../../node_modules/.pnpm/@payloadcms+next@3.30.0_@types+react@19.2.14_graphql@16.13.2_monaco-editor@0.55.1_next@_a79549f60a212ef9fafeeb22b7f7fa29/node_modules/@payloadcms/next",
      "link": true
    },
    "node_modules/@payloadcms/ui": {
      "resolved": "../../node_modules/.pnpm/@payloadcms+ui@3.30.0_@types+react@19.2.14_monaco-editor@0.55.1_next@15.5.14_react-dom@_0cede51bf6d3ce1f42db183c5b587b65/node_modules/@payloadcms/ui",
      "link": true
    },
    "node_modules/@types/node": {
      "resolved": "../../node_modules/.pnpm/@types+node@22.19.17/node_modules/@types/node",
      "link": true
    },
    "node_modules/@types/react": {
      "resolved": "../../node_modules/.pnpm/@types+react@19.2.14/node_modules/@types/react",
      "link": true
    },
    "node_modules/@types/react-dom": {
      "resolved": "../../node_modules/.pnpm/@types+react-dom@19.2.3_@types+react@19.2.14/node_modules/@types/react-dom",
      "link": true
    },
    "node_modules/cross-env": {
      "resolved": "../../node_modules/.pnpm/cross-env@7.0.3/node_modules/cross-env",
      "link": true
    },
    "node_modules/dotenv": {
      "resolved": "../../node_modules/.pnpm/dotenv@16.6.1/node_modules/dotenv",
      "link": true
    },
    "node_modules/graphql": {
      "resolved": "../../node_modules/.pnpm/graphql@16.13.2/node_modules/graphql",
      "link": true
    },
    "node_modules/next": {
      "resolved": "../../node_modules/.pnpm/next@15.5.14_react-dom@19.2.4_react@19.2.4__react@19.2.4_sass@1.77.4/node_modules/next",
      "link": true
    },
    "node_modules/payload": {
      "resolved": "../../node_modules/.pnpm/payload@3.30.0_graphql@16.13.2_typescript@5.9.3/node_modules/payload",
      "link": true
    },
    "node_modules/react": {
      "resolved": "../../node_modules/.pnpm/react@19.2.4/node_modules/react",
      "link": true
    },
    "node_modules/react-dom": {
      "resolved": "../../node_modules/.pnpm/react-dom@19.2.4_react@19.2.4/node_modules/react-dom",
      "link": true
    },
    "node_modules/sharp": {
      "resolved": "../../node_modules/.pnpm/sharp@0.34.5/node_modules/sharp",
      "link": true
    },
    "node_modules/tsx": {
      "resolved": "../../node_modules/.pnpm/tsx@4.21.0/node_modules/tsx",
      "link": true
    },
    "node_modules/@next/swc-darwin-arm64": {
      "version": "15.5.14",
      "resolved": "https://registry.npmjs.org/@next/swc-darwin-arm64/-/swc-darwin-arm64-15.5.14.tgz",
      "integrity": "sha512-Y9K6SPzobnZvrRDPO2s0grgzC+Egf0CqfbdvYmQVaztV890zicw8Z8+4Vqw8oPck8r1TjUHxVh8299Cg4TrxXg==",
      "cpu": [
        "arm64"
      ],
      "optional": true,
      "os": [
        "darwin"
      ],
      "engines": {
        "node": ">= 10"
      }
    },
    "node_modules/@next/swc-darwin-x64": {
      "version": "15.5.14",
      "resolved": "https://registry.npmjs.org/@next/swc-darwin-x64/-/swc-darwin-x64-15.5.14.tgz",
      "integrity": "sha512-aNnkSMjSFRTOmkd7qoNI2/rETQm/vKD6c/Ac9BZGa9CtoOzy3c2njgz7LvebQJ8iPxdeTuGnAjagyis8a9ifBw==",
      "cpu": [
        "x64"
      ],
      "optional": true,
      "os": [
        "darwin"
      ],
      "engines": {
        "node": ">= 10"
      }
    },
    "node_modules/@next/swc-linux-arm64-gnu": {
      "version": "15.5.14",
      "resolved": "https://registry.npmjs.org/@next/swc-linux-arm64-gnu/-/swc-linux-arm64-gnu-15.5.14.tgz",
      "integrity": "sha512-tjlpia+yStPRS//6sdmlVwuO1Rioern4u2onafa5n+h2hCS9MAvMXqpVbSrjgiEOoCs0nJy7oPOmWgtRRNSM5Q==",
      "cpu": [
        "arm64"
      ],
      "optional": true,
      "os": [
        "linux"
      ],
      "engines": {
        "node": ">= 10"
      }
    },
    "node_modules/@next/swc-linux-arm64-musl": {
      "version": "15.5.14",
      "resolved": "https://registry.npmjs.org/@next/swc-linux-arm64-musl/-/swc-linux-arm64-musl-15.5.14.tgz",
      "integrity": "sha512-8B8cngBaLadl5lbDRdxGCP1Lef8ipD6KlxS3v0ElDAGil6lafrAM3B258p1KJOglInCVFUjk751IXMr2ixeQOQ==",
      "cpu": [
        "arm64"
      ],
      "optional": true,
      "os": [
        "linux"
      ],
      "engines": {
        "node": ">= 10"
      }
    },
    "node_modules/@next/swc-linux-x64-gnu": {
      "version": "15.5.14",
      "resolved": "https://registry.npmjs.org/@next/swc-linux-x64-gnu/-/swc-linux-x64-gnu-15.5.14.tgz",
      "integrity": "sha512-bAS6tIAg8u4Gn3Nz7fCPpSoKAexEt2d5vn1mzokcqdqyov6ZJ6gu6GdF9l8ORFrBuRHgv3go/RfzYz5BkZ6YSQ==",
      "cpu": [
        "x64"
      ],
      "optional": true,
      "os": [
        "linux"
      ],
      "engines": {
        "node": ">= 10"
      }
    },
    "node_modules/@next/swc-linux-x64-musl": {
      "version": "15.5.14",
      "resolved": "https://registry.npmjs.org/@next/swc-linux-x64-musl/-/swc-linux-x64-musl-15.5.14.tgz",
      "integrity": "sha512-mMxv/FcrT7Gfaq4tsR22l17oKWXZmH/lVqcvjX0kfp5I0lKodHYLICKPoX1KRnnE+ci6oIUdriUhuA3rBCDiSw==",
      "cpu": [
        "x64"
      ],
      "optional": true,
      "os": [
        "linux"
      ],
      "engines": {
        "node": ">= 10"
      }
    },
    "node_modules/@next/swc-win32-arm64-msvc": {
      "version": "15.5.14",
      "resolved": "https://registry.npmjs.org/@next/swc-win32-arm64-msvc/-/swc-win32-arm64-msvc-15.5.14.tgz",
      "integrity": "sha512-OTmiBlYThppnvnsqx0rBqjDRemlmIeZ8/o4zI7veaXoeO1PVHoyj2lfTfXTiiGjCyRDhA10y4h6ZvZvBiynr2g==",
      "cpu": [
        "arm64"
      ],
      "optional": true,
      "os": [
        "win32"
      ],
      "engines": {
        "node": ">= 10"
      }
    },
    "node_modules/@next/swc-win32-x64-msvc": {
      "version": "15.5.14",
      "resolved": "https://registry.npmjs.org/@next/swc-win32-x64-msvc/-/swc-win32-x64-msvc-15.5.14.tgz",
      "integrity": "sha512-+W7eFf3RS7m4G6tppVTOSyP9Y6FsJXfOuKzav1qKniiFm3KFByQfPEcouHdjlZmysl4zJGuGLQ/M9XyVeyeNEg==",
      "cpu": [
        "x64"
      ],
      "optional": true,
      "os": [
        "win32"
      ],
      "engines": {
        "node": ">= 10"
      }
    }
  }
}
